
Microsoft Visual Studio Solution File, Format Version 12.00
# Visual Studio Version 17
VisualStudioVersion = 17.12.35527.113 d17.12
MinimumVisualStudioVersion = 10.0.40219.1
Project("{FAE04EC0-301F-11D3-BF4B-00C04F79EFBC}") = "ProgramlamaGiris", "ProgramlamaGiris\ProgramlamaGiris.csproj", "{BF804D06-BBCF-4C96-9282-A652AE363242}"
EndProject
Project("{FAE04EC0-301F-11D3-BF4B-00C04F79EFBC}") = "Konu01Degiskenler", "Konu01Degiskenler\Konu01Degiskenler.csproj", "{7FB0D398-818A-4FDE-B869-EF9E49F38FB3}"
EndProject
Project("{FAE04EC0-301F-11D3-BF4B-00C04F79EFBC}") = "Konu02TipDonusumleri", "Konu02TipDonusumleri\Konu02TipDonusumleri.csproj", "{E8807EA8-E744-4E3B-A6E5-E5C0854BE2CB}"
EndProject
Project("{FAE04EC0-301F-11D3-BF4B-00C04F79EFBC}") = "Konu03Operatörler", "Konu03Operatörler\Konu03Operatörler.csproj", "{CB26F187-3829-4F98-AC41-F78EBD46E4BA}"
EndProject
Global
	GlobalSection(SolutionConfigurationPlatforms) = preSolution
		Debug|Any CPU = Debug|Any CPU
		Release|Any CPU = Release|Any CPU
	EndGlobalSection
	GlobalSection(ProjectConfigurationPlatforms) = postSolution
		{BF804D06-BBCF-4C96-9282-A652AE363242}.Debug|Any CPU.ActiveCfg = Debug|Any CPU
		{BF804D06-BBCF-4C96-9282-A652AE363242}.Debug|Any CPU.Build.0 = Debug|Any CPU
		{BF804D06-BBCF-4C96-9282-A652AE363242}.Release|Any CPU.ActiveCfg = Release|Any CPU
		{BF804D06-BBCF-4C96-9282-A652AE363242}.Release|Any CPU.Build.0 = Release|Any CPU
		{7FB0D398-818A-4FDE-B869-EF9E49F38FB3}.Debug|Any CPU.ActiveCfg = Debug|Any CPU
		{7FB0D398-818A-4FDE-B869-EF9E49F38FB3}.Debug|Any CPU.Build.0 = Debug|Any CPU
		{7FB0D398-818A-4FDE-B869-EF9E49F38FB3}.Release|Any CPU.ActiveCfg = Release|Any CPU
		{7FB0D398-818A-4FDE-B869-EF9E49F38FB3}.Release|Any CPU.Build.0 = Release|Any CPU
		{E8807EA8-E744-4E3B-A6E5-E5C0854BE2CB}.Debug|Any CPU.ActiveCfg = Debug|Any CPU
		{E8807EA8-E744-4E3B-A6E5-E5C0854BE2CB}.Debug|Any CPU.Build.0 = Debug|Any CPU
		{E8807EA8-E744-4E3B-A6E5-E5C0854BE2CB}.Release|Any CPU.ActiveCfg = Release|Any CPU
		{E8807EA8-E744-4E3B-A6E5-E5C0854BE2CB}.Release|Any CPU.Build.0 = Release|Any CPU
		{CB26F187-3829-4F98-AC41-F78EBD46E4BA}.Debug|Any CPU.ActiveCfg = Debug|Any CPU
		{CB26F187-3829-4F98-AC41-F78EBD46E4BA}.Debug|Any CPU.Build.0 = Debug|Any CPU
		{CB26F187-3829-4F98-AC41-F78EBD46E4BA}.Release|Any CPU.ActiveCfg = Release|Any CPU
		{CB26F187-3829-4F98-AC41-F78EBD46E4BA}.Release|Any CPU.Build.0 = Release|Any CPU
	EndGlobalSection
	GlobalSection(SolutionProperties) = preSolution
		HideSolutionNode = FALSE
	EndGlobalSection
EndGlobal
